
Microsoft Visual Studio Solution File, Format Version 12.00
Project("{2150E333-8FDC-42A3-9474-1A3956D46DE8}") = "src", "src", "{F483918E-F015-4B5F-A4D7-8137E5EE3670}"
EndProject
Project("{2150E333-8FDC-42A3-9474-1A3956D46DE8}") = "tests", "tests", "{1DD31BB6-36A8-4BFD-AEA4-41F76A5B2246}"
EndProject
Project("{FAE04EC0-301F-11D3-BF4B-00C04F79EFBC}") = "FinMind.API", "FinMind.API\FinMind.API.csproj", "{919BB3C0-B3C2-4D55-9146-2A81933CF7CD}"
EndProject
Project("{FAE04EC0-301F-11D3-BF4B-00C04F79EFBC}") = "FimMind.Application", "FimMind.Application\FimMind.Application.csproj", "{02A5F43B-37F7-4B28-93BA-56DDBAFCF69B}"
EndProject
Project("{FAE04EC0-301F-11D3-BF4B-00C04F79EFBC}") = "FinMind.Domain", "FinMind.Domain\FinMind.Domain.csproj", "{3A83E811-D0E5-46D6-ACEE-39627530732F}"
EndProject
Project("{FAE04EC0-301F-11D3-BF4B-00C04F79EFBC}") = "FinMind.Application.Contract", "FinMind.Application.Contract\FinMind.Application.Contract.csproj", "{54EAA8E9-5BEB-4E33-80B9-6C373450013B}"
EndProject
Project("{FAE04EC0-301F-11D3-BF4B-00C04F79EFBC}") = "FinMind.Infrastructure", "FinMind.Infrastructure\FinMind.Infrastructure.csproj", "{43D0C832-7364-4048-B60B-4354D95A2EB1}"
EndProject
Project("{FAE04EC0-301F-11D3-BF4B-00C04F79EFBC}") = "FinMind.IntegrationTests", "FinMind.IntegrationTests\FinMind.IntegrationTests.csproj", "{66BE0B23-0C92-4D10-89BA-0040A4935B9B}"
EndProject
Project("{FAE04EC0-301F-11D3-BF4B-00C04F79EFBC}") = "FinMind.UnitTests", "FinMind.UnitTests\FinMind.UnitTests.csproj", "{118B8FD7-60EA-40DC-A4EF-F4108D77F6B6}"
EndProject
Global
	GlobalSection(SolutionConfigurationPlatforms) = preSolution
		Debug|Any CPU = Debug|Any CPU
		Release|Any CPU = Release|Any CPU
	EndGlobalSection
	GlobalSection(NestedProjects) = preSolution
		{919BB3C0-B3C2-4D55-9146-2A81933CF7CD} = {F483918E-F015-4B5F-A4D7-8137E5EE3670}
		{02A5F43B-37F7-4B28-93BA-56DDBAFCF69B} = {F483918E-F015-4B5F-A4D7-8137E5EE3670}
		{3A83E811-D0E5-46D6-ACEE-39627530732F} = {F483918E-F015-4B5F-A4D7-8137E5EE3670}
		{54EAA8E9-5BEB-4E33-80B9-6C373450013B} = {F483918E-F015-4B5F-A4D7-8137E5EE3670}
		{43D0C832-7364-4048-B60B-4354D95A2EB1} = {F483918E-F015-4B5F-A4D7-8137E5EE3670}
		{66BE0B23-0C92-4D10-89BA-0040A4935B9B} = {1DD31BB6-36A8-4BFD-AEA4-41F76A5B2246}
		{118B8FD7-60EA-40DC-A4EF-F4108D77F6B6} = {1DD31BB6-36A8-4BFD-AEA4-41F76A5B2246}
	EndGlobalSection
	GlobalSection(ProjectConfigurationPlatforms) = postSolution
		{919BB3C0-B3C2-4D55-9146-2A81933CF7CD}.Debug|Any CPU.ActiveCfg = Debug|Any CPU
		{919BB3C0-B3C2-4D55-9146-2A81933CF7CD}.Debug|Any CPU.Build.0 = Debug|Any CPU
		{919BB3C0-B3C2-4D55-9146-2A81933CF7CD}.Release|Any CPU.ActiveCfg = Release|Any CPU
		{919BB3C0-B3C2-4D55-9146-2A81933CF7CD}.Release|Any CPU.Build.0 = Release|Any CPU
		{02A5F43B-37F7-4B28-93BA-56DDBAFCF69B}.Debug|Any CPU.ActiveCfg = Debug|Any CPU
		{02A5F43B-37F7-4B28-93BA-56DDBAFCF69B}.Debug|Any CPU.Build.0 = Debug|Any CPU
		{02A5F43B-37F7-4B28-93BA-56DDBAFCF69B}.Release|Any CPU.ActiveCfg = Release|Any CPU
		{02A5F43B-37F7-4B28-93BA-56DDBAFCF69B}.Release|Any CPU.Build.0 = Release|Any CPU
		{3A83E811-D0E5-46D6-ACEE-39627530732F}.Debug|Any CPU.ActiveCfg = Debug|Any CPU
		{3A83E811-D0E5-46D6-ACEE-39627530732F}.Debug|Any CPU.Build.0 = Debug|Any CPU
		{3A83E811-D0E5-46D6-ACEE-39627530732F}.Release|Any CPU.ActiveCfg = Release|Any CPU
		{3A83E811-D0E5-46D6-ACEE-39627530732F}.Release|Any CPU.Build.0 = Release|Any CPU
		{54EAA8E9-5BEB-4E33-80B9-6C373450013B}.Debug|Any CPU.ActiveCfg = Debug|Any CPU
		{54EAA8E9-5BEB-4E33-80B9-6C373450013B}.Debug|Any CPU.Build.0 = Debug|Any CPU
		{54EAA8E9-5BEB-4E33-80B9-6C373450013B}.Release|Any CPU.ActiveCfg = Release|Any CPU
		{54EAA8E9-5BEB-4E33-80B9-6C373450013B}.Release|Any CPU.Build.0 = Release|Any CPU
		{43D0C832-7364-4048-B60B-4354D95A2EB1}.Debug|Any CPU.ActiveCfg = Debug|Any CPU
		{43D0C832-7364-4048-B60B-4354D95A2EB1}.Debug|Any CPU.Build.0 = Debug|Any CPU
		{43D0C832-7364-4048-B60B-4354D95A2EB1}.Release|Any CPU.ActiveCfg = Release|Any CPU
		{43D0C832-7364-4048-B60B-4354D95A2EB1}.Release|Any CPU.Build.0 = Release|Any CPU
		{66BE0B23-0C92-4D10-89BA-0040A4935B9B}.Debug|Any CPU.ActiveCfg = Debug|Any CPU
		{66BE0B23-0C92-4D10-89BA-0040A4935B9B}.Debug|Any CPU.Build.0 = Debug|Any CPU
		{66BE0B23-0C92-4D10-89BA-0040A4935B9B}.Release|Any CPU.ActiveCfg = Release|Any CPU
		{66BE0B23-0C92-4D10-89BA-0040A4935B9B}.Release|Any CPU.Build.0 = Release|Any CPU
		{118B8FD7-60EA-40DC-A4EF-F4108D77F6B6}.Debug|Any CPU.ActiveCfg = Debug|Any CPU
		{118B8FD7-60EA-40DC-A4EF-F4108D77F6B6}.Debug|Any CPU.Build.0 = Debug|Any CPU
		{118B8FD7-60EA-40DC-A4EF-F4108D77F6B6}.Release|Any CPU.ActiveCfg = Release|Any CPU
		{118B8FD7-60EA-40DC-A4EF-F4108D77F6B6}.Release|Any CPU.Build.0 = Release|Any CPU
	EndGlobalSection
EndGlobal
